
Microsoft Visual Studio Solution File, Format Version 12.00
# Visual Studio Version 16
VisualStudioVersion = 16.0.31313.79
MinimumVisualStudioVersion = 10.0.40219.1
Project("{FAE04EC0-301F-11D3-BF4B-00C04F79EFBC}") = "KaninoBasicServer", "KaninoBasicServer\KaninoBasicServer.csproj", "{E7D6D57B-B812-4324-9D0D-D94E2D9C33A6}"
EndProject
Global
	GlobalSection(SolutionConfigurationPlatforms) = preSolution
		Debug|Any CPU = Debug|Any CPU
		Release|Any CPU = Release|Any CPU
	EndGlobalSection
	GlobalSection(ProjectConfigurationPlatforms) = postSolution
		{E7D6D57B-B812-4324-9D0D-D94E2D9C33A6}.Debug|Any CPU.ActiveCfg = Debug|Any CPU
		{E7D6D57B-B812-4324-9D0D-D94E2D9C33A6}.Debug|Any CPU.Build.0 = Debug|Any CPU
		{E7D6D57B-B812-4324-9D0D-D94E2D9C33A6}.Release|Any CPU.ActiveCfg = Release|Any CPU
		{E7D6D57B-B812-4324-9D0D-D94E2D9C33A6}.Release|Any CPU.Build.0 = Release|Any CPU
	EndGlobalSection
	GlobalSection(SolutionProperties) = preSolution
		HideSolutionNode = FALSE
	EndGlobalSection
	GlobalSection(ExtensibilityGlobals) = postSolution
		SolutionGuid = {D3DF93D2-E8E9-4154-8C46-B26A9667265B}
	EndGlobalSection
EndGlobal
